
Microsoft Visual Studio Solution File, Format Version 12.00
# Visual Studio Version 17
VisualStudioVersion = 17.11.35208.52
MinimumVisualStudioVersion = 10.0.40219.1
Project("{9A19103F-16F7-4668-BE54-9A1E7A4F7556}") = "Booking", "Booking.csproj", "{7EE35081-8809-4D36-9592-C5E77D19ED5E}"
EndProject
Project("{FAE04EC0-301F-11D3-BF4B-00C04F79EFBC}") = "PaymentGateway", "..\PaymentGateway\PaymentGateway.csproj", "{E8869530-A0E9-4576-AB65-2B20EE9BCD83}"
EndProject
Project("{FAE04EC0-301F-11D3-BF4B-00C04F79EFBC}") = "Common", "..\Common\Common.csproj", "{9C82592A-33FE-4AE6-A982-D62A0DD0365F}"
EndProject
Global
	GlobalSection(SolutionConfigurationPlatforms) = preSolution
		Debug|Any CPU = Debug|Any CPU
		Release|Any CPU = Release|Any CPU
	EndGlobalSection
	GlobalSection(ProjectConfigurationPlatforms) = postSolution
		{7EE35081-8809-4D36-9592-C5E77D19ED5E}.Debug|Any CPU.ActiveCfg = Debug|Any CPU
		{7EE35081-8809-4D36-9592-C5E77D19ED5E}.Debug|Any CPU.Build.0 = Debug|Any CPU
		{7EE35081-8809-4D36-9592-C5E77D19ED5E}.Release|Any CPU.ActiveCfg = Release|Any CPU
		{7EE35081-8809-4D36-9592-C5E77D19ED5E}.Release|Any CPU.Build.0 = Release|Any CPU
		{E8869530-A0E9-4576-AB65-2B20EE9BCD83}.Debug|Any CPU.ActiveCfg = Debug|Any CPU
		{E8869530-A0E9-4576-AB65-2B20EE9BCD83}.Debug|Any CPU.Build.0 = Debug|Any CPU
		{E8869530-A0E9-4576-AB65-2B20EE9BCD83}.Release|Any CPU.ActiveCfg = Release|Any CPU
		{E8869530-A0E9-4576-AB65-2B20EE9BCD83}.Release|Any CPU.Build.0 = Release|Any CPU
		{9C82592A-33FE-4AE6-A982-D62A0DD0365F}.Debug|Any CPU.ActiveCfg = Debug|Any CPU
		{9C82592A-33FE-4AE6-A982-D62A0DD0365F}.Debug|Any CPU.Build.0 = Debug|Any CPU
		{9C82592A-33FE-4AE6-A982-D62A0DD0365F}.Release|Any CPU.ActiveCfg = Release|Any CPU
		{9C82592A-33FE-4AE6-A982-D62A0DD0365F}.Release|Any CPU.Build.0 = Release|Any CPU
	EndGlobalSection
	GlobalSection(SolutionProperties) = preSolution
		HideSolutionNode = FALSE
	EndGlobalSection
	GlobalSection(ExtensibilityGlobals) = postSolution
		SolutionGuid = {EC021AC3-6B28-44C0-95D2-20EA2D122F44}
	EndGlobalSection
EndGlobal
